// !$*UTF8*$!
{
	archiveVersion = 1;
	classes = {
	};
	objectVersion = 46;
	objects = {

/* Begin PBXBuildFile section */
		400182651E7787340016D27E /* AppDelegate.swift in Sources */ = {isa = PBXBuildFile; fileRef = 400182641E7787340016D27E /* AppDelegate.swift */; };
		400182671E7787340016D27E /* ViewController.swift in Sources */ = {isa = PBXBuildFile; fileRef = 400182661E7787340016D27E /* ViewController.swift */; };
		4001826A1E7787350016D27E /* Main.storyboard in Resources */ = {isa = PBXBuildFile; fileRef = 400182681E7787350016D27E /* Main.storyboard */; };
		4001826C1E7787350016D27E /* Assets.xcassets in Resources */ = {isa = PBXBuildFile; fileRef = 4001826B1E7787350016D27E /* Assets.xcassets */; };
		4001826F1E7787350016D27E /* LaunchScreen.storyboard in Resources */ = {isa = PBXBuildFile; fileRef = 4001826D1E7787350016D27E /* LaunchScreen.storyboard */; };
		4001827A1E7787350016D27E /* tipCalculatorTests.swift in Sources */ = {isa = PBXBuildFile; fileRef = 400182791E7787350016D27E /* tipCalculatorTests.swift */; };
		400182851E7787350016D27E /* tipCalculatorUITests.swift in Sources */ = {isa = PBXBuildFile; fileRef = 400182841E7787350016D27E /* tipCalculatorUITests.swift */; };
/* End PBXBuildFile section */

/* Begin PBXContainerItemProxy section */
		400182761E7787350016D27E /* PBXContainerItemProxy */ = {
			isa = PBXContainerItemProxy;
			containerPortal = 400182591E7787340016D27E /* Project object */;
			proxyType = 1;
			remoteGlobalIDString = 400182601E7787340016D27E;
			remoteInfo = tipCalculator;
		};
		400182811E7787350016D27E /* PBXContainerItemProxy */ = {
			isa = PBXContainerItemProxy;
			containerPortal = 400182591E7787340016D27E /* Project object */;
			proxyType = 1;
			remoteGlobalIDString = 400182601E7787340016D27E;
			remoteInfo = tipCalculator;
		};
/* End PBXContainerItemProxy section */

/* Begin PBXFileReference section */
		400182611E7787340016D27E /* tipCalculator.app */ = {isa = PBXFileReference; explicitFileType = wrapper.application; includeInIndex = 0; path = tipCalculator.app; sourceTree = BUILT_PRODUCTS_DIR; };
		400182641E7787340016D27E /* AppDelegate.swift */ = {isa = PBXFileReference; lastKnownFileType = sourcecode.swift; path = AppDelegate.swift; sourceTree = "<group>"; };
		400182661E7787340016D27E /* ViewController.swift */ = {isa = PBXFileReference; lastKnownFileType = sourcecode.swift; path = ViewController.swift; sourceTree = "<group>"; };
		400182691E7787350016D27E /* Base */ = {isa = PBXFileReference; lastKnownFileType = file.storyboard; name = Base; path = Base.lproj/Main.storyboard; sourceTree = "<group>"; };
		4001826B1E7787350016D27E /* Assets.xcassets */ = {isa = PBXFileReference; lastKnownFileType = folder.assetcatalog; path = Assets.xcassets; sourceTree = "<group>"; };
		4001826E1E7787350016D27E /* Base */ = {isa = PBXFileReference; lastKnownFileType = file.storyboard; name = Base; path = Base.lproj/LaunchScreen.storyboard; sourceTree = "<group>"; };
		400182701E7787350016D27E /* Info.plist */ = {isa = PBXFileReference; lastKnownFileType = text.plist.xml; path = Info.plist; sourceTree = "<group>"; };
		400182751E7787350016D27E /* tipCalculatorTests.xctest */ = {isa = PBXFileReference; explicitFileType = wrapper.cfbundle; includeInIndex = 0; path = tipCalculatorTests.xctest; sourceTree = BUILT_PRODUCTS_DIR; };
		400182791E7787350016D27E /* tipCalculatorTests.swift */ = {isa = PBXFileReference; lastKnownFileType = sourcecode.swift; path = tipCalculatorTests.swift; sourceTree = "<group>"; };
		4001827B1E7787350016D27E /* Info.plist */ = {isa = PBXFileReference; lastKnownFileType = text.plist.xml; path = Info.plist; sourceTree = "<group>"; };
		400182801E7787350016D27E /* tipCalculatorUITests.xctest */ = {isa = PBXFileReference; explicitFileType = wrapper.cfbundle; includeInIndex = 0; path = tipCalculatorUITests.xctest; sourceTree = BUILT_PRODUCTS_DIR; };
		400182841E7787350016D27E /* tipCalculatorUITests.swift */ = {isa = PBXFileReference; lastKnownFileType = sourcecode.swift; path = tipCalculatorUITests.swift; sourceTree = "<group>"; };
		400182861E7787350016D27E /* Info.plist */ = {isa = PBXFileReference; lastKnownFileType = text.plist.xml; path = Info.plist; sourceTree = "<group>"; };
/* End PBXFileReference section */

/* Begin PBXFrameworksBuildPhase section */
		4001825E1E7787340016D27E /* Frameworks */ = {
			isa = PBXFrameworksBuildPhase;
			buildActionMask = 2147483647;
			files = (
			);
			runOnlyForDeploymentPostprocessing = 0;
		};
		400182721E7787350016D27E /* Frameworks */ = {
			isa = PBXFrameworksBuildPhase;
			buildActionMask = 2147483647;
			files = (
			);
			runOnlyForDeploymentPostprocessing = 0;
		};
		4001827D1E7787350016D27E /* Frameworks */ = {
			isa = PBXFrameworksBuildPhase;
			buildActionMask = 2147483647;
			files = (
			);
			runOnlyForDeploymentPostprocessing = 0;
		};
/* End PBXFrameworksBuildPhase section */

/* Begin PBXGroup section */
		400182581E7787340016D27E = {
			isa = PBXGroup;
			children = (
				400182631E7787340016D27E /* tipCalculator */,
				400182781E7787350016D27E /* tipCalculatorTests */,
				400182831E7787350016D27E /* tipCalculatorUITests */,
				400182621E7787340016D27E /* Products */,
			);
			sourceTree = "<group>";
		};
		400182621E7787340016D27E /* Products */ = {
			isa = PBXGroup;
			children = (
				400182611E7787340016D27E /* tipCalculator.app */,
				400182751E7787350016D27E /* tipCalculatorTests.xctest */,
				400182801E7787350016D27E /* tipCalculatorUITests.xctest */,
			);
			name = Products;
			sourceTree = "<group>";
		};
		400182631E7787340016D27E /* tipCalculator */ = {
			isa = PBXGroup;
			children = (
				400182641E7787340016D27E /* AppDelegate.swift */,
				400182661E7787340016D27E /* ViewController.swift */,
				400182681E7787350016D27E /* Main.storyboard */,
				4001826B1E7787350016D27E /* Assets.xcassets */,
				4001826D1E7787350016D27E /* LaunchScreen.storyboard */,
				400182701E7787350016D27E /* Info.plist */,
			);
			path = tipCalculator;
			sourceTree = "<group>";
		};
		400182781E7787350016D27E /* tipCalculatorTests */ = {
			isa = PBXGroup;
			children = (
				400182791E7787350016D27E /* tipCalculatorTests.swift */,
				4001827B1E7787350016D27E /* Info.plist */,
			);
			path = tipCalculatorTests;
			sourceTree = "<group>";
		};
		400182831E7787350016D27E /* tipCalculatorUITests */ = {
			isa = PBXGroup;
			children = (
				400182841E7787350016D27E /* tipCalculatorUITests.swift */,
				400182861E7787350016D27E /* Info.plist */,
			);
			path = tipCalculatorUITests;
			sourceTree = "<group>";
		};
/* End PBXGroup section */

/* Begin PBXNativeTarget section */
		400182601E7787340016D27E /* tipCalculator */ = {
			isa = PBXNativeTarget;
			buildConfigurationList = 400182891E7787350016D27E /* Build configuration list for PBXNativeTarget "tipCalculator" */;
			buildPhases = (
				4001825D1E7787340016D27E /* Sources */,
				4001825E1E7787340016D27E /* Frameworks */,
				4001825F1E7787340016D27E /* Resources */,
			);
			buildRules = (
			);
			dependencies = (
			);
			name = tipCalculator;
			productName = tipCalculator;
			productReference = 400182611E7787340016D27E /* tipCalculator.app */;
			productType = "com.apple.product-type.application";
		};
		400182741E7787350016D27E /* tipCalculatorTests */ = {
			isa = PBXNativeTarget;
			buildConfigurationList = 4001828C1E7787350016D27E /* Build configuration list for PBXNativeTarget "tipCalculatorTests" */;
			buildPhases = (
				400182711E7787350016D27E /* Sources */,
				400182721E7787350016D27E /* Frameworks */,
				400182731E7787350016D27E /* Resources */,
			);
			buildRules = (
			);
			dependencies = (
				400182771E7787350016D27E /* PBXTargetDependency */,
			);
			name = tipCalculatorTests;
			productName = tipCalculatorTests;
			productReference = 400182751E7787350016D27E /* tipCalculatorTests.xctest */;
			productType = "com.apple.product-type.bundle.unit-test";
		};
		4001827F1E7787350016D27E /* tipCalculatorUITests */ = {
			isa = PBXNativeTarget;
			buildConfigurationList = 4001828F1E7787350016D27E /* Build configuration list for PBXNativeTarget "tipCalculatorUITests" */;
			buildPhases = (
				4001827C1E7787350016D27E /* Sources */,
				4001827D1E7787350016D27E /* Frameworks */,
				4001827E1E7787350016D27E /* Resources */,
			);
			buildRules = (
			);
			dependencies = (
				400182821E7787350016D27E /* PBXTargetDependency */,
			);
			name = tipCalculatorUITests;
			productName = tipCalculatorUITests;
			productReference = 400182801E7787350016D27E /* tipCalculatorUITests.xctest */;
			productType = "com.apple.product-type.bundle.ui-testing";
		};
/* End PBXNativeTarget section */

/* Begin PBXProject section */
		400182591E7787340016D27E /* Project object */ = {
			isa = PBXProject;
			attributes = {
				LastSwiftUpdateCheck = 0820;
				LastUpgradeCheck = 0820;
				ORGANIZATIONNAME = "Yu, Cindy";
				TargetAttributes = {
					400182601E7787340016D27E = {
						CreatedOnToolsVersion = 8.2.1;
						ProvisioningStyle = Automatic;
					};
					400182741E7787350016D27E = {
						CreatedOnToolsVersion = 8.2.1;
						ProvisioningStyle = Automatic;
						TestTargetID = 400182601E7787340016D27E;
					};
					4001827F1E7787350016D27E = {
						CreatedOnToolsVersion = 8.2.1;
						ProvisioningStyle = Automatic;
						TestTargetID = 400182601E7787340016D27E;
					};
				};
			};
			buildConfigurationList = 4001825C1E7787340016D27E /* Build configuration list for PBXProject "tipCalculator" */;
			compatibilityVersion = "Xcode 3.2";
			developmentRegion = English;
			hasScannedForEncodings = 0;
			knownRegions = (
				en,
				Base,
			);
			mainGroup = 400182581E7787340016D27E;
			productRefGroup = 400182621E7787340016D27E /* Products */;
			projectDirPath = "";
			projectRoot = "";
			targets = (
				400182601E7787340016D27E /* tipCalculator */,
				400182741E7787350016D27E /* tipCalculatorTests */,
				4001827F1E7787350016D27E /* tipCalculatorUITests */,
			);
		};
/* End PBXProject section */

/* Begin PBXResourcesBuildPhase section */
		4001825F1E7787340016D27E /* Resources */ = {
			isa = PBXResourcesBuildPhase;
			buildActionMask = 2147483647;
			files = (
				4001826F1E7787350016D27E /* LaunchScreen.storyboard in Resources */,
				4001826C1E7787350016D27E /* Assets.xcassets in Resources */,
				4001826A1E7787350016D27E /* Main.storyboard in Resources */,
			);
			runOnlyForDeploymentPostprocessing = 0;
		};
		400182731E7787350016D27E /* Resources */ = {
			isa = PBXResourcesBuildPhase;
			buildActionMask = 2147483647;
			files = (
			);
			runOnlyForDeploymentPostprocessing = 0;
		};
		4001827E1E7787350016D27E /* Resources */ = {
			isa = PBXResourcesBuildPhase;
			buildActionMask = 2147483647;
			files = (
			);
			runOnlyForDeploymentPostprocessing = 0;
		};
/* End PBXResourcesBuildPhase section */

/* Begin PBXSourcesBuildPhase section */
		4001825D1E7787340016D27E /* Sources */ = {
			isa = PBXSourcesBuildPhase;
			buildActionMask = 2147483647;
			files = (
				400182671E7787340016D27E /* ViewController.swift in Sources */,
				400182651E7787340016D27E /* AppDelegate.swift in Sources */,
			);
			runOnlyForDeploymentPostprocessing = 0;
		};
		400182711E7787350016D27E /* Sources */ = {
			isa = PBXSourcesBuildPhase;
			buildActionMask = 2147483647;
			files = (
				4001827A1E7787350016D27E /* tipCalculatorTests.swift in Sources */,
			);
			runOnlyForDeploymentPostprocessing = 0;
		};
		4001827C1E7787350016D27E /* Sources */ = {
			isa = PBXSourcesBuildPhase;
			buildActionMask = 2147483647;
			files = (
				400182851E7787350016D27E /* tipCalculatorUITests.swift in Sources */,
			);
			runOnlyForDeploymentPostprocessing = 0;
		};
/* End PBXSourcesBuildPhase section */

/* Begin PBXTargetDependency section */
		400182771E7787350016D27E /* PBXTargetDependency */ = {
			isa = PBXTargetDependency;
			target = 400182601E7787340016D27E /* tipCalculator */;
			targetProxy = 400182761E7787350016D27E /* PBXContainerItemProxy */;
		};
		400182821E7787350016D27E /* PBXTargetDependency */ = {
			isa = PBXTargetDependency;
			target = 400182601E7787340016D27E /* tipCalculator */;
			targetProxy = 400182811E7787350016D27E /* PBXContainerItemProxy */;
		};
/* End PBXTargetDependency section */

/* Begin PBXVariantGroup section */
		400182681E7787350016D27E /* Main.storyboard */ = {
			isa = PBXVariantGroup;
			children = (
				400182691E7787350016D27E /* Base */,
			);
			name = Main.storyboard;
			sourceTree = "<group>";
		};
		4001826D1E7787350016D27E /* LaunchScreen.storyboard */ = {
			isa = PBXVariantGroup;
			children = (
				4001826E1E7787350016D27E /* Base */,
			);
			name = LaunchScreen.storyboard;
			sourceTree = "<group>";
		};
/* End PBXVariantGroup section */

/* Begin XCBuildConfiguration section */
		400182871E7787350016D27E /* Debug */ = {
			isa = XCBuildConfiguration;
			buildSettings = {
				ALWAYS_SEARCH_USER_PATHS = NO;
				CLANG_ANALYZER_NONNULL = YES;
				CLANG_CXX_LANGUAGE_STANDARD = "gnu++0x";
				CLANG_CXX_LIBRARY = "libc++";
				CLANG_ENABLE_MODULES = YES;
				CLANG_ENABLE_OBJC_ARC = YES;
				CLANG_WARN_BOOL_CONVERSION = YES;
				CLANG_WARN_CONSTANT_CONVERSION = YES;
				CLANG_WARN_DIRECT_OBJC_ISA_USAGE = YES_ERROR;
				CLANG_WARN_DOCUMENTATION_COMMENTS = YES;
				CLANG_WARN_EMPTY_BODY = YES;
				CLANG_WARN_ENUM_CONVERSION = YES;
				CLANG_WARN_INFINITE_RECURSION = YES;
				CLANG_WARN_INT_CONVERSION = YES;
				CLANG_WARN_OBJC_ROOT_CLASS = YES_ERROR;
				CLANG_WARN_SUSPICIOUS_MOVE = YES;
				CLANG_WARN_UNREACHABLE_CODE = YES;
				CLANG_WARN__DUPLICATE_METHOD_MATCH = YES;
				"CODE_SIGN_IDENTITY[sdk=iphoneos*]" = "iPhone Developer";
				COPY_PHASE_STRIP = NO;
				DEBUG_INFORMATION_FORMAT = dwarf;
				ENABLE_STRICT_OBJC_MSGSEND = YES;
				ENABLE_TESTABILITY = YES;
				GCC_C_LANGUAGE_STANDARD = gnu99;
				GCC_DYNAMIC_NO_PIC = NO;
				GCC_NO_COMMON_BLOCKS = YES;
				GCC_OPTIMIZATION_LEVEL = 0;
				GCC_PREPROCESSOR_DEFINITIONS = (
					"DEBUG=1",
					"$(inherited)",
				);
				GCC_WARN_64_TO_32_BIT_CONVERSION = YES;
				GCC_WARN_ABOUT_RETURN_TYPE = YES_ERROR;
				GCC_WARN_UNDECLARED_SELECTOR = YES;
				GCC_WARN_UNINITIALIZED_AUTOS = YES_AGGRESSIVE;
				GCC_WARN_UNUSED_FUNCTION = YES;
				GCC_WARN_UNUSED_VARIABLE = YES;
				IPHONEOS_DEPLOYMENT_TARGET = 10.2;
				MTL_ENABLE_DEBUG_INFO = YES;
				ONLY_ACTIVE_ARCH = YES;
				SDKROOT = iphoneos;
				SWIFT_ACTIVE_COMPILATION_CONDITIONS = DEBUG;
				SWIFT_OPTIMIZATION_LEVEL = "-Onone";
			};
			name = Debug;
		};
		400182881E7787350016D27E /* Release */ = {
			isa = XCBuildConfiguration;
			buildSettings = {
				ALWAYS_SEARCH_USER_PATHS = NO;
				CLANG_ANALYZER_NONNULL = YES;
				CLANG_CXX_LANGUAGE_STANDARD = "gnu++0x";
				CLANG_CXX_LIBRARY = "libc++";
				CLANG_ENABLE_MODULES = YES;
				CLANG_ENABLE_OBJC_ARC = YES;
				CLANG_WARN_BOOL_CONVERSION = YES;
				CLANG_WARN_CONSTANT_CONVERSION = YES;
				CLANG_WARN_DIRECT_OBJC_ISA_USAGE = YES_ERROR;
				CLANG_WARN_DOCUMENTATION_COMMENTS = YES;
				CLANG_WARN_EMPTY_BODY = YES;
				CLANG_WARN_ENUM_CONVERSION = YES;
				CLANG_WARN_INFINITE_RECURSION = YES;
				CLANG_WARN_INT_CONVERSION = YES;
				CLANG_WARN_OBJC_ROOT_CLASS = YES_ERROR;
				CLANG_WARN_SUSPICIOUS_MOVE = YES;
				CLANG_WARN_UNREACHABLE_CODE = YES;
				CLANG_WARN__DUPLICATE_METHOD_MATCH = YES;
				"CODE_SIGN_IDENTITY[sdk=iphoneos*]" = "iPhone Developer";
				COPY_PHASE_STRIP = NO;
				DEBUG_INFORMATION_FORMAT = "dwarf-with-dsym";
				ENABLE_NS_ASSERTIONS = NO;
				ENABLE_STRICT_OBJC_MSGSEND = YES;
				GCC_C_LANGUAGE_STANDARD = gnu99;
				GCC_NO_COMMON_BLOCKS = YES;
				GCC_WARN_64_TO_32_BIT_CONVERSION = YES;
				GCC_WARN_ABOUT_RETURN_TYPE = YES_ERROR;
				GCC_WARN_UNDECLARED_SELECTOR = YES;
				GCC_WARN_UNINITIALIZED_AUTOS = YES_AGGRESSIVE;
				GCC_WARN_UNUSED_FUNCTION = YES;
				GCC_WARN_UNUSED_VARIABLE = YES;
				IPHONEOS_DEPLOYMENT_TARGET = 10.2;
				MTL_ENABLE_DEBUG_INFO = NO;
				SDKROOT = iphoneos;
				SWIFT_OPTIMIZATION_LEVEL = "-Owholemodule";
				VALIDATE_PRODUCT = YES;
			};
			name = Release;
		};
		4001828A1E7787350016D27E /* Debug */ = {
			isa = XCBuildConfiguration;
			buildSettings = {
				ASSETCATALOG_COMPILER_APPICON_NAME = AppIcon;
				INFOPLIST_FILE = tipCalculator/Info.plist;
				LD_RUNPATH_SEARCH_PATHS = "$(inherited) @executable_path/Frameworks";
				PRODUCT_BUNDLE_IDENTIFIER = com.codepath.tipCalculator;
				PRODUCT_NAME = "$(TARGET_NAME)";
				SWIFT_VERSION = 3.0;
			};
			name = Debug;
		};
		4001828B1E7787350016D27E /* Release */ = {
			isa = XCBuildConfiguration;
			buildSettings = {
				ASSETCATALOG_COMPILER_APPICON_NAME = AppIcon;
				INFOPLIST_FILE = tipCalculator/Info.plist;
				LD_RUNPATH_SEARCH_PATHS = "$(inherited) @executable_path/Frameworks";
				PRODUCT_BUNDLE_IDENTIFIER = com.codepath.tipCalculator;
				PRODUCT_NAME = "$(TARGET_NAME)";
				SWIFT_VERSION = 3.0;
			};
			name = Release;
		};
		4001828D1E7787350016D27E /* Debug */ = {
			isa = XCBuildConfiguration;
			buildSettings = {
				ALWAYS_EMBED_SWIFT_STANDARD_LIBRARIES = YES;
				BUNDLE_LOADER = "$(TEST_HOST)";
				INFOPLIST_FILE = tipCalculatorTests/Info.plist;
				LD_RUNPATH_SEARCH_PATHS = "$(inherited) @executable_path/Frameworks @loader_path/Frameworks";
				PRODUCT_BUNDLE_IDENTIFIER = com.codepath.tipCalculatorTests;
				PRODUCT_NAME = "$(TARGET_NAME)";
				SWIFT_VERSION = 3.0;
				TEST_HOST = "$(BUILT_PRODUCTS_DIR)/tipCalculator.app/tipCalculator";
			};
			name = Debug;
		};
		4001828E1E7787350016D27E /* Release */ = {
			isa = XCBuildConfiguration;
			buildSettings = {
				ALWAYS_EMBED_SWIFT_STANDARD_LIBRARIES = YES;
				BUNDLE_LOADER = "$(TEST_HOST)";
				INFOPLIST_FILE = tipCalculatorTests/Info.plist;
				LD_RUNPATH_SEARCH_PATHS = "$(inherited) @executable_path/Frameworks @loader_path/Frameworks";
				PRODUCT_BUNDLE_IDENTIFIER = com.codepath.tipCalculatorTests;
				PRODUCT_NAME = "$(TARGET_NAME)";
				SWIFT_VERSION = 3.0;
				TEST_HOST = "$(BUILT_PRODUCTS_DIR)/tipCalculator.app/tipCalculator";
			};
			name = Release;
		};
		400182901E7787350016D27E /* Debug */ = {
			isa = XCBuildConfiguration;
			buildSettings = {
				ALWAYS_EMBED_SWIFT_STANDARD_LIBRARIES = YES;
				INFOPLIST_FILE = tipCalculatorUITests/Info.plist;
				LD_RUNPATH_SEARCH_PATHS = "$(inherited) @executable_path/Frameworks @loader_path/Frameworks";
				PRODUCT_BUNDLE_IDENTIFIER = com.codepath.tipCalculatorUITests;
				PRODUCT_NAME = "$(TARGET_NAME)";
				SWIFT_VERSION = 3.0;
				TEST_TARGET_NAME = tipCalculator;
			};
			name = Debug;
		};
		400182911E7787350016D27E /* Release */ = {
			isa = XCBuildConfiguration;
			buildSettings = {
				ALWAYS_EMBED_SWIFT_STANDARD_LIBRARIES = YES;
				INFOPLIST_FILE = tipCalculatorUITests/Info.plist;
				LD_RUNPATH_SEARCH_PATHS = "$(inherited) @executable_path/Frameworks @loader_path/Frameworks";
				PRODUCT_BUNDLE_IDENTIFIER = com.codepath.tipCalculatorUITests;
				PRODUCT_NAME = "$(TARGET_NAME)";
				SWIFT_VERSION = 3.0;
				TEST_TARGET_NAME = tipCalculator;
			};
			name = Release;
		};
/* End XCBuildConfiguration section */

/* Begin XCConfigurationList section */
		4001825C1E7787340016D27E /* Build configuration list for PBXProject "tipCalculator" */ = {
			isa = XCConfigurationList;
			buildConfigurations = (
				400182871E7787350016D27E /* Debug */,
				400182881E7787350016D27E /* Release */,
			);
			defaultConfigurationIsVisible = 0;
			defaultConfigurationName = Release;
		};
		400182891E7787350016D27E /* Build configuration list for PBXNativeTarget "tipCalculator" */ = {
			isa = XCConfigurationList;
			buildConfigurations = (
				4001828A1E7787350016D27E /* Debug */,
				4001828B1E7787350016D27E /* Release */,
			);
			defaultConfigurationIsVisible = 0;
		};
		4001828C1E7787350016D27E /* Build configuration list for PBXNativeTarget "tipCalculatorTests" */ = {
			isa = XCConfigurationList;
			buildConfigurations = (
				4001828D1E7787350016D27E /* Debug */,
				4001828E1E7787350016D27E /* Release */,
			);
			defaultConfigurationIsVisible = 0;
		};
		4001828F1E7787350016D27E /* Build configuration list for PBXNativeTarget "tipCalculatorUITests" */ = {
			isa = XCConfigurationList;
			buildConfigurations = (
				400182901E7787350016D27E /* Debug */,
				400182911E7787350016D27E /* Release */,
			);
			defaultConfigurationIsVisible = 0;
		};
/* End XCConfigurationList section */
	};
	rootObject = 400182591E7787340016D27E /* Project object */;
}
